
Microsoft Visual Studio Solution File, Format Version 12.00
# Visual Studio Version 17
VisualStudioVersion = 17.4.33213.308
MinimumVisualStudioVersion = 10.0.40219.1
Project("{FAE04EC0-301F-11D3-BF4B-00C04F79EFBC}") = "Week3IfAndSwitch", "Week3IfAndSwitch\Week3IfAndSwitch.csproj", "{C0EF8920-6B50-4A48-88A9-FDD539A83DA4}"
EndProject
Project("{FAE04EC0-301F-11D3-BF4B-00C04F79EFBC}") = "OddOrEven", "OddOrEven\OddOrEven.csproj", "{C641AE76-67AE-4CDC-9A9C-92C5CD7CB71B}"
EndProject
Project("{FAE04EC0-301F-11D3-BF4B-00C04F79EFBC}") = "IfDayOfTheWeek", "IfDayOfTheWeek\IfDayOfTheWeek.csproj", "{0D303028-529F-430B-8E85-50898D2BE72B}"
EndProject
Project("{FAE04EC0-301F-11D3-BF4B-00C04F79EFBC}") = "SwitchDayOfTheWeek", "SwitchDayOfTheWeek\SwitchDayOfTheWeek.csproj", "{D7D6052C-57ED-4C29-91F9-42DD4778D7F4}"
EndProject
Global
	GlobalSection(SolutionConfigurationPlatforms) = preSolution
		Debug|Any CPU = Debug|Any CPU
		Release|Any CPU = Release|Any CPU
	EndGlobalSection
	GlobalSection(ProjectConfigurationPlatforms) = postSolution
		{C0EF8920-6B50-4A48-88A9-FDD539A83DA4}.Debug|Any CPU.ActiveCfg = Debug|Any CPU
		{C0EF8920-6B50-4A48-88A9-FDD539A83DA4}.Debug|Any CPU.Build.0 = Debug|Any CPU
		{C0EF8920-6B50-4A48-88A9-FDD539A83DA4}.Release|Any CPU.ActiveCfg = Release|Any CPU
		{C0EF8920-6B50-4A48-88A9-FDD539A83DA4}.Release|Any CPU.Build.0 = Release|Any CPU
		{C641AE76-67AE-4CDC-9A9C-92C5CD7CB71B}.Debug|Any CPU.ActiveCfg = Debug|Any CPU
		{C641AE76-67AE-4CDC-9A9C-92C5CD7CB71B}.Debug|Any CPU.Build.0 = Debug|Any CPU
		{C641AE76-67AE-4CDC-9A9C-92C5CD7CB71B}.Release|Any CPU.ActiveCfg = Release|Any CPU
		{C641AE76-67AE-4CDC-9A9C-92C5CD7CB71B}.Release|Any CPU.Build.0 = Release|Any CPU
		{0D303028-529F-430B-8E85-50898D2BE72B}.Debug|Any CPU.ActiveCfg = Debug|Any CPU
		{0D303028-529F-430B-8E85-50898D2BE72B}.Debug|Any CPU.Build.0 = Debug|Any CPU
		{0D303028-529F-430B-8E85-50898D2BE72B}.Release|Any CPU.ActiveCfg = Release|Any CPU
		{0D303028-529F-430B-8E85-50898D2BE72B}.Release|Any CPU.Build.0 = Release|Any CPU
		{D7D6052C-57ED-4C29-91F9-42DD4778D7F4}.Debug|Any CPU.ActiveCfg = Debug|Any CPU
		{D7D6052C-57ED-4C29-91F9-42DD4778D7F4}.Debug|Any CPU.Build.0 = Debug|Any CPU
		{D7D6052C-57ED-4C29-91F9-42DD4778D7F4}.Release|Any CPU.ActiveCfg = Release|Any CPU
		{D7D6052C-57ED-4C29-91F9-42DD4778D7F4}.Release|Any CPU.Build.0 = Release|Any CPU
	EndGlobalSection
	GlobalSection(SolutionProperties) = preSolution
		HideSolutionNode = FALSE
	EndGlobalSection
	GlobalSection(ExtensibilityGlobals) = postSolution
		SolutionGuid = {B66A65D2-A91D-4DAE-8B05-5F43A2070649}
	EndGlobalSection
EndGlobal
